{
  "name": "@harilvfs/carch",
  "version": "3.0.7",
  "lockfileVersion": 3,
  "requires": true,
  "packages": {
    "": {
      "name": "@harilvfs/carch",
      "version": "3.0.7",
      "hasInstallScript": true,
      "license": "Apache-2.0",
      "engines": {
        "bash": ">=4.0"
      }
    }
  }
}
